
Microsoft Visual Studio Solution File, Format Version 12.00
# Visual Studio Version 17
VisualStudioVersion = 17.8.34525.116
MinimumVisualStudioVersion = 10.0.40219.1
Project("{FAE04EC0-301F-11D3-BF4B-00C04F79EFBC}") = "PullRequestDemo", "PullRequestDemo\PullRequestDemo.csproj", "{C2CD408C-5823-47F8-A2D9-350E8D6F7CE1}"
EndProject
Global
	GlobalSection(SolutionConfigurationPlatforms) = preSolution
		Debug|Any CPU = Debug|Any CPU
		Release|Any CPU = Release|Any CPU
	EndGlobalSection
	GlobalSection(ProjectConfigurationPlatforms) = postSolution
		{C2CD408C-5823-47F8-A2D9-350E8D6F7CE1}.Debug|Any CPU.ActiveCfg = Debug|Any CPU
		{C2CD408C-5823-47F8-A2D9-350E8D6F7CE1}.Debug|Any CPU.Build.0 = Debug|Any CPU
		{C2CD408C-5823-47F8-A2D9-350E8D6F7CE1}.Release|Any CPU.ActiveCfg = Release|Any CPU
		{C2CD408C-5823-47F8-A2D9-350E8D6F7CE1}.Release|Any CPU.Build.0 = Release|Any CPU
	EndGlobalSection
	GlobalSection(SolutionProperties) = preSolution
		HideSolutionNode = FALSE
	EndGlobalSection
	GlobalSection(ExtensibilityGlobals) = postSolution
		SolutionGuid = {AEE7A6D0-7522-4B4F-BE07-FC42A1DA791C}
	EndGlobalSection
EndGlobal
